
Microsoft Visual Studio Solution File, Format Version 12.00
# Visual Studio Version 17
VisualStudioVersion = 17.11.35017.193
MinimumVisualStudioVersion = 10.0.40219.1
Project("{FAE04EC0-301F-11D3-BF4B-00C04F79EFBC}") = "ProductCreation", "ProductCreation.csproj", "{89901502-B2A2-415B-82B4-A43735CE358C}"
EndProject
Global
	GlobalSection(SolutionConfigurationPlatforms) = preSolution
		Debug|Any CPU = Debug|Any CPU
		Release|Any CPU = Release|Any CPU
	EndGlobalSection
	GlobalSection(ProjectConfigurationPlatforms) = postSolution
		{89901502-B2A2-415B-82B4-A43735CE358C}.Debug|Any CPU.ActiveCfg = Debug|Any CPU
		{89901502-B2A2-415B-82B4-A43735CE358C}.Debug|Any CPU.Build.0 = Debug|Any CPU
		{89901502-B2A2-415B-82B4-A43735CE358C}.Release|Any CPU.ActiveCfg = Release|Any CPU
	EndGlobalSection
	GlobalSection(SolutionProperties) = preSolution
		HideSolutionNode = FALSE
	EndGlobalSection
	GlobalSection(ExtensibilityGlobals) = postSolution
		SolutionGuid = {48F633FA-BF75-4388-ABE5-CAD4155010C6}
	EndGlobalSection
EndGlobal
